// !$*UTF8*$!
{
	archiveVersion = 1;
	classes = {
	};
	objectVersion = 50;
	objects = {

/* Begin PBXBuildFile section */
		D659253F26AFD1FA00E7DFC1 /* AppDelegate.swift in Sources */ = {isa = PBXBuildFile; fileRef = D659253E26AFD1FA00E7DFC1 /* AppDelegate.swift */; };
		D659254126AFD1FA00E7DFC1 /* GameScene.sks in Resources */ = {isa = PBXBuildFile; fileRef = D659254026AFD1FA00E7DFC1 /* GameScene.sks */; };
		D659254526AFD1FA00E7DFC1 /* GameScene.swift in Sources */ = {isa = PBXBuildFile; fileRef = D659254426AFD1FA00E7DFC1 /* GameScene.swift */; };
		D659254726AFD1FA00E7DFC1 /* GameViewController.swift in Sources */ = {isa = PBXBuildFile; fileRef = D659254626AFD1FA00E7DFC1 /* GameViewController.swift */; };
		D659254A26AFD1FA00E7DFC1 /* Main.storyboard in Resources */ = {isa = PBXBuildFile; fileRef = D659254826AFD1FA00E7DFC1 /* Main.storyboard */; };
		D659254C26AFD1FC00E7DFC1 /* Assets.xcassets in Resources */ = {isa = PBXBuildFile; fileRef = D659254B26AFD1FC00E7DFC1 /* Assets.xcassets */; };
		D659255F26AFD25B00E7DFC1 /* fuse.sks in Resources */ = {isa = PBXBuildFile; fileRef = D659255A26AFD25A00E7DFC1 /* fuse.sks */; };
		D659256226AFD25B00E7DFC1 /* explode.sks in Resources */ = {isa = PBXBuildFile; fileRef = D659255D26AFD25B00E7DFC1 /* explode.sks */; };
		D659256326AFD25B00E7DFC1 /* spark.png in Resources */ = {isa = PBXBuildFile; fileRef = D659255E26AFD25B00E7DFC1 /* spark.png */; };
/* End PBXBuildFile section */

/* Begin PBXFileReference section */
		D659253B26AFD1FA00E7DFC1 /* FireworksNight.app */ = {isa = PBXFileReference; explicitFileType = wrapper.application; includeInIndex = 0; path = FireworksNight.app; sourceTree = BUILT_PRODUCTS_DIR; };
		D659253E26AFD1FA00E7DFC1 /* AppDelegate.swift */ = {isa = PBXFileReference; lastKnownFileType = sourcecode.swift; path = AppDelegate.swift; sourceTree = "<group>"; };
		D659254026AFD1FA00E7DFC1 /* GameScene.sks */ = {isa = PBXFileReference; lastKnownFileType = file.sks; path = GameScene.sks; sourceTree = "<group>"; };
		D659254426AFD1FA00E7DFC1 /* GameScene.swift */ = {isa = PBXFileReference; lastKnownFileType = sourcecode.swift; path = GameScene.swift; sourceTree = "<group>"; };
		D659254626AFD1FA00E7DFC1 /* GameViewController.swift */ = {isa = PBXFileReference; lastKnownFileType = sourcecode.swift; path = GameViewController.swift; sourceTree = "<group>"; };
		D659254926AFD1FA00E7DFC1 /* Base */ = {isa = PBXFileReference; lastKnownFileType = file.storyboard; name = Base; path = Base.lproj/Main.storyboard; sourceTree = "<group>"; };
		D659254B26AFD1FC00E7DFC1 /* Assets.xcassets */ = {isa = PBXFileReference; lastKnownFileType = folder.assetcatalog; path = Assets.xcassets; sourceTree = "<group>"; };
		D659254D26AFD1FC00E7DFC1 /* Info.plist */ = {isa = PBXFileReference; lastKnownFileType = text.plist.xml; path = Info.plist; sourceTree = "<group>"; };
		D659255A26AFD25A00E7DFC1 /* fuse.sks */ = {isa = PBXFileReference; lastKnownFileType = file.sks; path = fuse.sks; sourceTree = "<group>"; };
		D659255D26AFD25B00E7DFC1 /* explode.sks */ = {isa = PBXFileReference; lastKnownFileType = file.sks; path = explode.sks; sourceTree = "<group>"; };
		D659255E26AFD25B00E7DFC1 /* spark.png */ = {isa = PBXFileReference; lastKnownFileType = image.png; path = spark.png; sourceTree = "<group>"; };
/* End PBXFileReference section */

/* Begin PBXFrameworksBuildPhase section */
		D659253826AFD1FA00E7DFC1 /* Frameworks */ = {
			isa = PBXFrameworksBuildPhase;
			buildActionMask = 2147483647;
			files = (
			);
			runOnlyForDeploymentPostprocessing = 0;
		};
/* End PBXFrameworksBuildPhase section */

/* Begin PBXGroup section */
		D659253226AFD1FA00E7DFC1 = {
			isa = PBXGroup;
			children = (
				D659253D26AFD1FA00E7DFC1 /* FireworksNight */,
				D659253C26AFD1FA00E7DFC1 /* Products */,
			);
			sourceTree = "<group>";
		};
		D659253C26AFD1FA00E7DFC1 /* Products */ = {
			isa = PBXGroup;
			children = (
				D659253B26AFD1FA00E7DFC1 /* FireworksNight.app */,
			);
			name = Products;
			sourceTree = "<group>";
		};
		D659253D26AFD1FA00E7DFC1 /* FireworksNight */ = {
			isa = PBXGroup;
			children = (
				D659253E26AFD1FA00E7DFC1 /* AppDelegate.swift */,
				D659254026AFD1FA00E7DFC1 /* GameScene.sks */,
				D659254426AFD1FA00E7DFC1 /* GameScene.swift */,
				D659254626AFD1FA00E7DFC1 /* GameViewController.swift */,
				D659254826AFD1FA00E7DFC1 /* Main.storyboard */,
				D659254B26AFD1FC00E7DFC1 /* Assets.xcassets */,
				D659254D26AFD1FC00E7DFC1 /* Info.plist */,
				D659255826AFD24C00E7DFC1 /* Content */,
			);
			path = FireworksNight;
			sourceTree = "<group>";
		};
		D659255826AFD24C00E7DFC1 /* Content */ = {
			isa = PBXGroup;
			children = (
				D659255D26AFD25B00E7DFC1 /* explode.sks */,
				D659255A26AFD25A00E7DFC1 /* fuse.sks */,
				D659255E26AFD25B00E7DFC1 /* spark.png */,
			);
			path = Content;
			sourceTree = "<group>";
		};
/* End PBXGroup section */

/* Begin PBXNativeTarget section */
		D659253A26AFD1FA00E7DFC1 /* FireworksNight */ = {
			isa = PBXNativeTarget;
			buildConfigurationList = D659255026AFD1FC00E7DFC1 /* Build configuration list for PBXNativeTarget "FireworksNight" */;
			buildPhases = (
				D659253726AFD1FA00E7DFC1 /* Sources */,
				D659253826AFD1FA00E7DFC1 /* Frameworks */,
				D659253926AFD1FA00E7DFC1 /* Resources */,
			);
			buildRules = (
			);
			dependencies = (
			);
			name = FireworksNight;
			productName = FireworksNight;
			productReference = D659253B26AFD1FA00E7DFC1 /* FireworksNight.app */;
			productType = "com.apple.product-type.application";
		};
/* End PBXNativeTarget section */

/* Begin PBXProject section */
		D659253326AFD1FA00E7DFC1 /* Project object */ = {
			isa = PBXProject;
			attributes = {
				LastSwiftUpdateCheck = 1240;
				LastUpgradeCheck = 1240;
				TargetAttributes = {
					D659253A26AFD1FA00E7DFC1 = {
						CreatedOnToolsVersion = 12.4;
					};
				};
			};
			buildConfigurationList = D659253626AFD1FA00E7DFC1 /* Build configuration list for PBXProject "FireworksNight" */;
			compatibilityVersion = "Xcode 9.3";
			developmentRegion = en;
			hasScannedForEncodings = 0;
			knownRegions = (
				en,
				Base,
			);
			mainGroup = D659253226AFD1FA00E7DFC1;
			productRefGroup = D659253C26AFD1FA00E7DFC1 /* Products */;
			projectDirPath = "";
			projectRoot = "";
			targets = (
				D659253A26AFD1FA00E7DFC1 /* FireworksNight */,
			);
		};
/* End PBXProject section */

/* Begin PBXResourcesBuildPhase section */
		D659253926AFD1FA00E7DFC1 /* Resources */ = {
			isa = PBXResourcesBuildPhase;
			buildActionMask = 2147483647;
			files = (
				D659254A26AFD1FA00E7DFC1 /* Main.storyboard in Resources */,
				D659256326AFD25B00E7DFC1 /* spark.png in Resources */,
				D659254126AFD1FA00E7DFC1 /* GameScene.sks in Resources */,
				D659256226AFD25B00E7DFC1 /* explode.sks in Resources */,
				D659255F26AFD25B00E7DFC1 /* fuse.sks in Resources */,
				D659254C26AFD1FC00E7DFC1 /* Assets.xcassets in Resources */,
			);
			runOnlyForDeploymentPostprocessing = 0;
		};
/* End PBXResourcesBuildPhase section */

/* Begin PBXSourcesBuildPhase section */
		D659253726AFD1FA00E7DFC1 /* Sources */ = {
			isa = PBXSourcesBuildPhase;
			buildActionMask = 2147483647;
			files = (
				D659254526AFD1FA00E7DFC1 /* GameScene.swift in Sources */,
				D659254726AFD1FA00E7DFC1 /* GameViewController.swift in Sources */,
				D659253F26AFD1FA00E7DFC1 /* AppDelegate.swift in Sources */,
			);
			runOnlyForDeploymentPostprocessing = 0;
		};
/* End PBXSourcesBuildPhase section */

/* Begin PBXVariantGroup section */
		D659254826AFD1FA00E7DFC1 /* Main.storyboard */ = {
			isa = PBXVariantGroup;
			children = (
				D659254926AFD1FA00E7DFC1 /* Base */,
			);
			name = Main.storyboard;
			sourceTree = "<group>";
		};
/* End PBXVariantGroup section */

/* Begin XCBuildConfiguration section */
		D659254E26AFD1FC00E7DFC1 /* Debug */ = {
			isa = XCBuildConfiguration;
			buildSettings = {
				ALWAYS_SEARCH_USER_PATHS = NO;
				CLANG_ANALYZER_NONNULL = YES;
				CLANG_ANALYZER_NUMBER_OBJECT_CONVERSION = YES_AGGRESSIVE;
				CLANG_CXX_LANGUAGE_STANDARD = "gnu++14";
				CLANG_CXX_LIBRARY = "libc++";
				CLANG_ENABLE_MODULES = YES;
				CLANG_ENABLE_OBJC_ARC = YES;
				CLANG_ENABLE_OBJC_WEAK = YES;
				CLANG_WARN_BLOCK_CAPTURE_AUTORELEASING = YES;
				CLANG_WARN_BOOL_CONVERSION = YES;
				CLANG_WARN_COMMA = YES;
				CLANG_WARN_CONSTANT_CONVERSION = YES;
				CLANG_WARN_DEPRECATED_OBJC_IMPLEMENTATIONS = YES;
				CLANG_WARN_DIRECT_OBJC_ISA_USAGE = YES_ERROR;
				CLANG_WARN_DOCUMENTATION_COMMENTS = YES;
				CLANG_WARN_EMPTY_BODY = YES;
				CLANG_WARN_ENUM_CONVERSION = YES;
				CLANG_WARN_INFINITE_RECURSION = YES;
				CLANG_WARN_INT_CONVERSION = YES;
				CLANG_WARN_NON_LITERAL_NULL_CONVERSION = YES;
				CLANG_WARN_OBJC_IMPLICIT_RETAIN_SELF = YES;
				CLANG_WARN_OBJC_LITERAL_CONVERSION = YES;
				CLANG_WARN_OBJC_ROOT_CLASS = YES_ERROR;
				CLANG_WARN_QUOTED_INCLUDE_IN_FRAMEWORK_HEADER = YES;
				CLANG_WARN_RANGE_LOOP_ANALYSIS = YES;
				CLANG_WARN_STRICT_PROTOTYPES = YES;
				CLANG_WARN_SUSPICIOUS_MOVE = YES;
				CLANG_WARN_UNGUARDED_AVAILABILITY = YES_AGGRESSIVE;
				CLANG_WARN_UNREACHABLE_CODE = YES;
				CLANG_WARN__DUPLICATE_METHOD_MATCH = YES;
				COPY_PHASE_STRIP = NO;
				DEBUG_INFORMATION_FORMAT = dwarf;
				ENABLE_STRICT_OBJC_MSGSEND = YES;
				ENABLE_TESTABILITY = YES;
				GCC_C_LANGUAGE_STANDARD = gnu11;
				GCC_DYNAMIC_NO_PIC = NO;
				GCC_NO_COMMON_BLOCKS = YES;
				GCC_OPTIMIZATION_LEVEL = 0;
				GCC_PREPROCESSOR_DEFINITIONS = (
					"DEBUG=1",
					"$(inherited)",
				);
				GCC_WARN_64_TO_32_BIT_CONVERSION = YES;
				GCC_WARN_ABOUT_RETURN_TYPE = YES_ERROR;
				GCC_WARN_UNDECLARED_SELECTOR = YES;
				GCC_WARN_UNINITIALIZED_AUTOS = YES_AGGRESSIVE;
				GCC_WARN_UNUSED_FUNCTION = YES;
				GCC_WARN_UNUSED_VARIABLE = YES;
				IPHONEOS_DEPLOYMENT_TARGET = 14.4;
				MTL_ENABLE_DEBUG_INFO = INCLUDE_SOURCE;
				MTL_FAST_MATH = YES;
				ONLY_ACTIVE_ARCH = YES;
				SDKROOT = iphoneos;
				SWIFT_ACTIVE_COMPILATION_CONDITIONS = DEBUG;
				SWIFT_OPTIMIZATION_LEVEL = "-Onone";
			};
			name = Debug;
		};
		D659254F26AFD1FC00E7DFC1 /* Release */ = {
			isa = XCBuildConfiguration;
			buildSettings = {
				ALWAYS_SEARCH_USER_PATHS = NO;
				CLANG_ANALYZER_NONNULL = YES;
				CLANG_ANALYZER_NUMBER_OBJECT_CONVERSION = YES_AGGRESSIVE;
				CLANG_CXX_LANGUAGE_STANDARD = "gnu++14";
				CLANG_CXX_LIBRARY = "libc++";
				CLANG_ENABLE_MODULES = YES;
				CLANG_ENABLE_OBJC_ARC = YES;
				CLANG_ENABLE_OBJC_WEAK = YES;
				CLANG_WARN_BLOCK_CAPTURE_AUTORELEASING = YES;
				CLANG_WARN_BOOL_CONVERSION = YES;
				CLANG_WARN_COMMA = YES;
				CLANG_WARN_CONSTANT_CONVERSION = YES;
				CLANG_WARN_DEPRECATED_OBJC_IMPLEMENTATIONS = YES;
				CLANG_WARN_DIRECT_OBJC_ISA_USAGE = YES_ERROR;
				CLANG_WARN_DOCUMENTATION_COMMENTS = YES;
				CLANG_WARN_EMPTY_BODY = YES;
				CLANG_WARN_ENUM_CONVERSION = YES;
				CLANG_WARN_INFINITE_RECURSION = YES;
				CLANG_WARN_INT_CONVERSION = YES;
				CLANG_WARN_NON_LITERAL_NULL_CONVERSION = YES;
				CLANG_WARN_OBJC_IMPLICIT_RETAIN_SELF = YES;
				CLANG_WARN_OBJC_LITERAL_CONVERSION = YES;
				CLANG_WARN_OBJC_ROOT_CLASS = YES_ERROR;
				CLANG_WARN_QUOTED_INCLUDE_IN_FRAMEWORK_HEADER = YES;
				CLANG_WARN_RANGE_LOOP_ANALYSIS = YES;
				CLANG_WARN_STRICT_PROTOTYPES = YES;
				CLANG_WARN_SUSPICIOUS_MOVE = YES;
				CLANG_WARN_UNGUARDED_AVAILABILITY = YES_AGGRESSIVE;
				CLANG_WARN_UNREACHABLE_CODE = YES;
				CLANG_WARN__DUPLICATE_METHOD_MATCH = YES;
				COPY_PHASE_STRIP = NO;
				DEBUG_INFORMATION_FORMAT = "dwarf-with-dsym";
				ENABLE_NS_ASSERTIONS = NO;
				ENABLE_STRICT_OBJC_MSGSEND = YES;
				GCC_C_LANGUAGE_STANDARD = gnu11;
				GCC_NO_COMMON_BLOCKS = YES;
				GCC_WARN_64_TO_32_BIT_CONVERSION = YES;
				GCC_WARN_ABOUT_RETURN_TYPE = YES_ERROR;
				GCC_WARN_UNDECLARED_SELECTOR = YES;
				GCC_WARN_UNINITIALIZED_AUTOS = YES_AGGRESSIVE;
				GCC_WARN_UNUSED_FUNCTION = YES;
				GCC_WARN_UNUSED_VARIABLE = YES;
				IPHONEOS_DEPLOYMENT_TARGET = 14.4;
				MTL_ENABLE_DEBUG_INFO = NO;
				MTL_FAST_MATH = YES;
				SDKROOT = iphoneos;
				SWIFT_COMPILATION_MODE = wholemodule;
				SWIFT_OPTIMIZATION_LEVEL = "-O";
				VALIDATE_PRODUCT = YES;
			};
			name = Release;
		};
		D659255126AFD1FC00E7DFC1 /* Debug */ = {
			isa = XCBuildConfiguration;
			buildSettings = {
				ASSETCATALOG_COMPILER_APPICON_NAME = AppIcon;
				ASSETCATALOG_COMPILER_GLOBAL_ACCENT_COLOR_NAME = AccentColor;
				CODE_SIGN_STYLE = Automatic;
				DEVELOPMENT_TEAM = 73YFFUD89Y;
				INFOPLIST_FILE = FireworksNight/Info.plist;
				LD_RUNPATH_SEARCH_PATHS = (
					"$(inherited)",
					"@executable_path/Frameworks",
				);
				PRODUCT_BUNDLE_IDENTIFIER = frostfell.FireworksNight;
				PRODUCT_NAME = "$(TARGET_NAME)";
				SWIFT_VERSION = 5.0;
				TARGETED_DEVICE_FAMILY = 2;
			};
			name = Debug;
		};
		D659255226AFD1FC00E7DFC1 /* Release */ = {
			isa = XCBuildConfiguration;
			buildSettings = {
				ASSETCATALOG_COMPILER_APPICON_NAME = AppIcon;
				ASSETCATALOG_COMPILER_GLOBAL_ACCENT_COLOR_NAME = AccentColor;
				CODE_SIGN_STYLE = Automatic;
				DEVELOPMENT_TEAM = 73YFFUD89Y;
				INFOPLIST_FILE = FireworksNight/Info.plist;
				LD_RUNPATH_SEARCH_PATHS = (
					"$(inherited)",
					"@executable_path/Frameworks",
				);
				PRODUCT_BUNDLE_IDENTIFIER = frostfell.FireworksNight;
				PRODUCT_NAME = "$(TARGET_NAME)";
				SWIFT_VERSION = 5.0;
				TARGETED_DEVICE_FAMILY = 2;
			};
			name = Release;
		};
/* End XCBuildConfiguration section */

/* Begin XCConfigurationList section */
		D659253626AFD1FA00E7DFC1 /* Build configuration list for PBXProject "FireworksNight" */ = {
			isa = XCConfigurationList;
			buildConfigurations = (
				D659254E26AFD1FC00E7DFC1 /* Debug */,
				D659254F26AFD1FC00E7DFC1 /* Release */,
			);
			defaultConfigurationIsVisible = 0;
			defaultConfigurationName = Release;
		};
		D659255026AFD1FC00E7DFC1 /* Build configuration list for PBXNativeTarget "FireworksNight" */ = {
			isa = XCConfigurationList;
			buildConfigurations = (
				D659255126AFD1FC00E7DFC1 /* Debug */,
				D659255226AFD1FC00E7DFC1 /* Release */,
			);
			defaultConfigurationIsVisible = 0;
			defaultConfigurationName = Release;
		};
/* End XCConfigurationList section */
	};
	rootObject = D659253326AFD1FA00E7DFC1 /* Project object */;
}
